
Microsoft Visual Studio Solution File, Format Version 12.00
# Visual Studio 15
VisualStudioVersion = 15.0.27703.2042
MinimumVisualStudioVersion = 10.0.40219.1
Project("{FAE04EC0-301F-11D3-BF4B-00C04F79EFBC}") = "app4", "app4\app4.csproj", "{FC27D54D-480E-4760-B5F4-E8268479CD7F}"
EndProject
Global
	GlobalSection(SolutionConfigurationPlatforms) = preSolution
		Debug|Any CPU = Debug|Any CPU
		Release|Any CPU = Release|Any CPU
	EndGlobalSection
	GlobalSection(ProjectConfigurationPlatforms) = postSolution
		{FC27D54D-480E-4760-B5F4-E8268479CD7F}.Debug|Any CPU.ActiveCfg = Debug|Any CPU
		{FC27D54D-480E-4760-B5F4-E8268479CD7F}.Debug|Any CPU.Build.0 = Debug|Any CPU
		{FC27D54D-480E-4760-B5F4-E8268479CD7F}.Release|Any CPU.ActiveCfg = Release|Any CPU
		{FC27D54D-480E-4760-B5F4-E8268479CD7F}.Release|Any CPU.Build.0 = Release|Any CPU
	EndGlobalSection
	GlobalSection(SolutionProperties) = preSolution
		HideSolutionNode = FALSE
	EndGlobalSection
	GlobalSection(ExtensibilityGlobals) = postSolution
		SolutionGuid = {625F3A56-15CE-4B7C-9492-9F9A52C1F76F}
	EndGlobalSection
EndGlobal
